
Microsoft Visual Studio Solution File, Format Version 12.00
# Visual Studio 15
VisualStudioVersion = 15.0.28307.329
MinimumVisualStudioVersion = 10.0.40219.1
Project("{FAE04EC0-301F-11D3-BF4B-00C04F79EFBC}") = "StudentManagement", "StudentManagement\StudentManagement.csproj", "{7ADB7C60-FFC6-4E03-B37B-C0780647D9A1}"
EndProject
Global
	GlobalSection(SolutionConfigurationPlatforms) = preSolution
		Debug|Any CPU = Debug|Any CPU
		Release|Any CPU = Release|Any CPU
	EndGlobalSection
	GlobalSection(ProjectConfigurationPlatforms) = postSolution
		{7ADB7C60-FFC6-4E03-B37B-C0780647D9A1}.Debug|Any CPU.ActiveCfg = Debug|Any CPU
		{7ADB7C60-FFC6-4E03-B37B-C0780647D9A1}.Debug|Any CPU.Build.0 = Debug|Any CPU
		{7ADB7C60-FFC6-4E03-B37B-C0780647D9A1}.Release|Any CPU.ActiveCfg = Release|Any CPU
		{7ADB7C60-FFC6-4E03-B37B-C0780647D9A1}.Release|Any CPU.Build.0 = Release|Any CPU
	EndGlobalSection
	GlobalSection(SolutionProperties) = preSolution
		HideSolutionNode = FALSE
	EndGlobalSection
	GlobalSection(ExtensibilityGlobals) = postSolution
		SolutionGuid = {9C3F2DE9-7C31-4518-97DB-34B945E1B540}
	EndGlobalSection
EndGlobal
